// !$*UTF8*$!
{
	archiveVersion = 1;
	classes = {
	};
	objectVersion = 46;
	objects = {

/* Begin PBXBuildFile section */
		3B3DE2E41B46706E004BF510 /* AppDelegate.swift in Sources */ = {isa = PBXBuildFile; fileRef = 3B3DE2E31B46706E004BF510 /* AppDelegate.swift */; };
		3B3DE2E71B46706E004BF510 /* Yahoo_News_Digest_Replicate.xcdatamodeld in Sources */ = {isa = PBXBuildFile; fileRef = 3B3DE2E51B46706E004BF510 /* Yahoo_News_Digest_Replicate.xcdatamodeld */; };
		3B3DE2E91B46706E004BF510 /* ViewController.swift in Sources */ = {isa = PBXBuildFile; fileRef = 3B3DE2E81B46706E004BF510 /* ViewController.swift */; };
		3B3DE2EC1B46706E004BF510 /* Main.storyboard in Resources */ = {isa = PBXBuildFile; fileRef = 3B3DE2EA1B46706E004BF510 /* Main.storyboard */; };
		3B3DE2EE1B46706E004BF510 /* Images.xcassets in Resources */ = {isa = PBXBuildFile; fileRef = 3B3DE2ED1B46706E004BF510 /* Images.xcassets */; };
		3B3DE2F11B46706E004BF510 /* LaunchScreen.xib in Resources */ = {isa = PBXBuildFile; fileRef = 3B3DE2EF1B46706E004BF510 /* LaunchScreen.xib */; };
		3B3DE2FD1B46706E004BF510 /* Yahoo_News_Digest_ReplicateTests.swift in Sources */ = {isa = PBXBuildFile; fileRef = 3B3DE2FC1B46706E004BF510 /* Yahoo_News_Digest_ReplicateTests.swift */; };
		3B3DE3071B467318004BF510 /* NewsTableViewCell.swift in Sources */ = {isa = PBXBuildFile; fileRef = 3B3DE3061B467318004BF510 /* NewsTableViewCell.swift */; };
		3B3DE30B1B4689CC004BF510 /* News.swift in Sources */ = {isa = PBXBuildFile; fileRef = 3B3DE30A1B4689CC004BF510 /* News.swift */; };
/* End PBXBuildFile section */

/* Begin PBXContainerItemProxy section */
		3B3DE2F71B46706E004BF510 /* PBXContainerItemProxy */ = {
			isa = PBXContainerItemProxy;
			containerPortal = 3B3DE2D61B46706E004BF510 /* Project object */;
			proxyType = 1;
			remoteGlobalIDString = 3B3DE2DD1B46706E004BF510;
			remoteInfo = "Yahoo News Digest Replicate";
		};
/* End PBXContainerItemProxy section */

/* Begin PBXFileReference section */
		3B3DE2DE1B46706E004BF510 /* Yahoo News Digest Replicate.app */ = {isa = PBXFileReference; explicitFileType = wrapper.application; includeInIndex = 0; path = "Yahoo News Digest Replicate.app"; sourceTree = BUILT_PRODUCTS_DIR; };
		3B3DE2E21B46706E004BF510 /* Info.plist */ = {isa = PBXFileReference; lastKnownFileType = text.plist.xml; path = Info.plist; sourceTree = "<group>"; };
		3B3DE2E31B46706E004BF510 /* AppDelegate.swift */ = {isa = PBXFileReference; lastKnownFileType = sourcecode.swift; path = AppDelegate.swift; sourceTree = "<group>"; };
		3B3DE2E61B46706E004BF510 /* Yahoo_News_Digest_Replicate.xcdatamodel */ = {isa = PBXFileReference; lastKnownFileType = wrapper.xcdatamodel; path = Yahoo_News_Digest_Replicate.xcdatamodel; sourceTree = "<group>"; };
		3B3DE2E81B46706E004BF510 /* ViewController.swift */ = {isa = PBXFileReference; lastKnownFileType = sourcecode.swift; path = ViewController.swift; sourceTree = "<group>"; };
		3B3DE2EB1B46706E004BF510 /* Base */ = {isa = PBXFileReference; lastKnownFileType = file.storyboard; name = Base; path = Base.lproj/Main.storyboard; sourceTree = "<group>"; };
		3B3DE2ED1B46706E004BF510 /* Images.xcassets */ = {isa = PBXFileReference; lastKnownFileType = folder.assetcatalog; path = Images.xcassets; sourceTree = "<group>"; };
		3B3DE2F01B46706E004BF510 /* Base */ = {isa = PBXFileReference; lastKnownFileType = file.xib; name = Base; path = Base.lproj/LaunchScreen.xib; sourceTree = "<group>"; };
		3B3DE2F61B46706E004BF510 /* Yahoo News Digest ReplicateTests.xctest */ = {isa = PBXFileReference; explicitFileType = wrapper.cfbundle; includeInIndex = 0; path = "Yahoo News Digest ReplicateTests.xctest"; sourceTree = BUILT_PRODUCTS_DIR; };
		3B3DE2FB1B46706E004BF510 /* Info.plist */ = {isa = PBXFileReference; lastKnownFileType = text.plist.xml; path = Info.plist; sourceTree = "<group>"; };
		3B3DE2FC1B46706E004BF510 /* Yahoo_News_Digest_ReplicateTests.swift */ = {isa = PBXFileReference; lastKnownFileType = sourcecode.swift; path = Yahoo_News_Digest_ReplicateTests.swift; sourceTree = "<group>"; };
		3B3DE3061B467318004BF510 /* NewsTableViewCell.swift */ = {isa = PBXFileReference; fileEncoding = 4; lastKnownFileType = sourcecode.swift; path = NewsTableViewCell.swift; sourceTree = "<group>"; };
		3B3DE30A1B4689CC004BF510 /* News.swift */ = {isa = PBXFileReference; fileEncoding = 4; lastKnownFileType = sourcecode.swift; path = News.swift; sourceTree = "<group>"; };
/* End PBXFileReference section */

/* Begin PBXFrameworksBuildPhase section */
		3B3DE2DB1B46706E004BF510 /* Frameworks */ = {
			isa = PBXFrameworksBuildPhase;
			buildActionMask = 2147483647;
			files = (
			);
			runOnlyForDeploymentPostprocessing = 0;
		};
		3B3DE2F31B46706E004BF510 /* Frameworks */ = {
			isa = PBXFrameworksBuildPhase;
			buildActionMask = 2147483647;
			files = (
			);
			runOnlyForDeploymentPostprocessing = 0;
		};
/* End PBXFrameworksBuildPhase section */

/* Begin PBXGroup section */
		3B3DE2D51B46706E004BF510 = {
			isa = PBXGroup;
			children = (
				3B3DE2E01B46706E004BF510 /* Yahoo News Digest Replicate */,
				3B3DE2F91B46706E004BF510 /* Yahoo News Digest ReplicateTests */,
				3B3DE2DF1B46706E004BF510 /* Products */,
			);
			sourceTree = "<group>";
		};
		3B3DE2DF1B46706E004BF510 /* Products */ = {
			isa = PBXGroup;
			children = (
				3B3DE2DE1B46706E004BF510 /* Yahoo News Digest Replicate.app */,
				3B3DE2F61B46706E004BF510 /* Yahoo News Digest ReplicateTests.xctest */,
			);
			name = Products;
			sourceTree = "<group>";
		};
		3B3DE2E01B46706E004BF510 /* Yahoo News Digest Replicate */ = {
			isa = PBXGroup;
			children = (
				3B3DE2E31B46706E004BF510 /* AppDelegate.swift */,
				3B3DE2E81B46706E004BF510 /* ViewController.swift */,
				3B3DE30A1B4689CC004BF510 /* News.swift */,
				3B3DE2EA1B46706E004BF510 /* Main.storyboard */,
				3B3DE3061B467318004BF510 /* NewsTableViewCell.swift */,
				3B3DE2ED1B46706E004BF510 /* Images.xcassets */,
				3B3DE2EF1B46706E004BF510 /* LaunchScreen.xib */,
				3B3DE2E51B46706E004BF510 /* Yahoo_News_Digest_Replicate.xcdatamodeld */,
				3B3DE2E11B46706E004BF510 /* Supporting Files */,
			);
			path = "Yahoo News Digest Replicate";
			sourceTree = "<group>";
		};
		3B3DE2E11B46706E004BF510 /* Supporting Files */ = {
			isa = PBXGroup;
			children = (
				3B3DE2E21B46706E004BF510 /* Info.plist */,
			);
			name = "Supporting Files";
			sourceTree = "<group>";
		};
		3B3DE2F91B46706E004BF510 /* Yahoo News Digest ReplicateTests */ = {
			isa = PBXGroup;
			children = (
				3B3DE2FC1B46706E004BF510 /* Yahoo_News_Digest_ReplicateTests.swift */,
				3B3DE2FA1B46706E004BF510 /* Supporting Files */,
			);
			path = "Yahoo News Digest ReplicateTests";
			sourceTree = "<group>";
		};
		3B3DE2FA1B46706E004BF510 /* Supporting Files */ = {
			isa = PBXGroup;
			children = (
				3B3DE2FB1B46706E004BF510 /* Info.plist */,
			);
			name = "Supporting Files";
			sourceTree = "<group>";
		};
/* End PBXGroup section */

/* Begin PBXNativeTarget section */
		3B3DE2DD1B46706E004BF510 /* Yahoo News Digest Replicate */ = {
			isa = PBXNativeTarget;
			buildConfigurationList = 3B3DE3001B46706E004BF510 /* Build configuration list for PBXNativeTarget "Yahoo News Digest Replicate" */;
			buildPhases = (
				3B3DE2DA1B46706E004BF510 /* Sources */,
				3B3DE2DB1B46706E004BF510 /* Frameworks */,
				3B3DE2DC1B46706E004BF510 /* Resources */,
			);
			buildRules = (
			);
			dependencies = (
			);
			name = "Yahoo News Digest Replicate";
			productName = "Yahoo News Digest Replicate";
			productReference = 3B3DE2DE1B46706E004BF510 /* Yahoo News Digest Replicate.app */;
			productType = "com.apple.product-type.application";
		};
		3B3DE2F51B46706E004BF510 /* Yahoo News Digest ReplicateTests */ = {
			isa = PBXNativeTarget;
			buildConfigurationList = 3B3DE3031B46706E004BF510 /* Build configuration list for PBXNativeTarget "Yahoo News Digest ReplicateTests" */;
			buildPhases = (
				3B3DE2F21B46706E004BF510 /* Sources */,
				3B3DE2F31B46706E004BF510 /* Frameworks */,
				3B3DE2F41B46706E004BF510 /* Resources */,
			);
			buildRules = (
			);
			dependencies = (
				3B3DE2F81B46706E004BF510 /* PBXTargetDependency */,
			);
			name = "Yahoo News Digest ReplicateTests";
			productName = "Yahoo News Digest ReplicateTests";
			productReference = 3B3DE2F61B46706E004BF510 /* Yahoo News Digest ReplicateTests.xctest */;
			productType = "com.apple.product-type.bundle.unit-test";
		};
/* End PBXNativeTarget section */

/* Begin PBXProject section */
		3B3DE2D61B46706E004BF510 /* Project object */ = {
			isa = PBXProject;
			attributes = {
				LastUpgradeCheck = 0630;
				ORGANIZATIONNAME = JayAng;
				TargetAttributes = {
					3B3DE2DD1B46706E004BF510 = {
						CreatedOnToolsVersion = 6.3.1;
					};
					3B3DE2F51B46706E004BF510 = {
						CreatedOnToolsVersion = 6.3.1;
						TestTargetID = 3B3DE2DD1B46706E004BF510;
					};
				};
			};
			buildConfigurationList = 3B3DE2D91B46706E004BF510 /* Build configuration list for PBXProject "Yahoo News Digest Replicate" */;
			compatibilityVersion = "Xcode 3.2";
			developmentRegion = English;
			hasScannedForEncodings = 0;
			knownRegions = (
				en,
				Base,
			);
			mainGroup = 3B3DE2D51B46706E004BF510;
			productRefGroup = 3B3DE2DF1B46706E004BF510 /* Products */;
			projectDirPath = "";
			projectRoot = "";
			targets = (
				3B3DE2DD1B46706E004BF510 /* Yahoo News Digest Replicate */,
				3B3DE2F51B46706E004BF510 /* Yahoo News Digest ReplicateTests */,
			);
		};
/* End PBXProject section */

/* Begin PBXResourcesBuildPhase section */
		3B3DE2DC1B46706E004BF510 /* Resources */ = {
			isa = PBXResourcesBuildPhase;
			buildActionMask = 2147483647;
			files = (
				3B3DE2EC1B46706E004BF510 /* Main.storyboard in Resources */,
				3B3DE2F11B46706E004BF510 /* LaunchScreen.xib in Resources */,
				3B3DE2EE1B46706E004BF510 /* Images.xcassets in Resources */,
			);
			runOnlyForDeploymentPostprocessing = 0;
		};
		3B3DE2F41B46706E004BF510 /* Resources */ = {
			isa = PBXResourcesBuildPhase;
			buildActionMask = 2147483647;
			files = (
			);
			runOnlyForDeploymentPostprocessing = 0;
		};
/* End PBXResourcesBuildPhase section */

/* Begin PBXSourcesBuildPhase section */
		3B3DE2DA1B46706E004BF510 /* Sources */ = {
			isa = PBXSourcesBuildPhase;
			buildActionMask = 2147483647;
			files = (
				3B3DE2E91B46706E004BF510 /* ViewController.swift in Sources */,
				3B3DE2E41B46706E004BF510 /* AppDelegate.swift in Sources */,
				3B3DE3071B467318004BF510 /* NewsTableViewCell.swift in Sources */,
				3B3DE30B1B4689CC004BF510 /* News.swift in Sources */,
				3B3DE2E71B46706E004BF510 /* Yahoo_News_Digest_Replicate.xcdatamodeld in Sources */,
			);
			runOnlyForDeploymentPostprocessing = 0;
		};
		3B3DE2F21B46706E004BF510 /* Sources */ = {
			isa = PBXSourcesBuildPhase;
			buildActionMask = 2147483647;
			files = (
				3B3DE2FD1B46706E004BF510 /* Yahoo_News_Digest_ReplicateTests.swift in Sources */,
			);
			runOnlyForDeploymentPostprocessing = 0;
		};
/* End PBXSourcesBuildPhase section */

/* Begin PBXTargetDependency section */
		3B3DE2F81B46706E004BF510 /* PBXTargetDependency */ = {
			isa = PBXTargetDependency;
			target = 3B3DE2DD1B46706E004BF510 /* Yahoo News Digest Replicate */;
			targetProxy = 3B3DE2F71B46706E004BF510 /* PBXContainerItemProxy */;
		};
/* End PBXTargetDependency section */

/* Begin PBXVariantGroup section */
		3B3DE2EA1B46706E004BF510 /* Main.storyboard */ = {
			isa = PBXVariantGroup;
			children = (
				3B3DE2EB1B46706E004BF510 /* Base */,
			);
			name = Main.storyboard;
			sourceTree = "<group>";
		};
		3B3DE2EF1B46706E004BF510 /* LaunchScreen.xib */ = {
			isa = PBXVariantGroup;
			children = (
				3B3DE2F01B46706E004BF510 /* Base */,
			);
			name = LaunchScreen.xib;
			sourceTree = "<group>";
		};
/* End PBXVariantGroup section */

/* Begin XCBuildConfiguration section */
		3B3DE2FE1B46706E004BF510 /* Debug */ = {
			isa = XCBuildConfiguration;
			buildSettings = {
				ALWAYS_SEARCH_USER_PATHS = NO;
				CLANG_CXX_LANGUAGE_STANDARD = "gnu++0x";
				CLANG_CXX_LIBRARY = "libc++";
				CLANG_ENABLE_MODULES = YES;
				CLANG_ENABLE_OBJC_ARC = YES;
				CLANG_WARN_BOOL_CONVERSION = YES;
				CLANG_WARN_CONSTANT_CONVERSION = YES;
				CLANG_WARN_DIRECT_OBJC_ISA_USAGE = YES_ERROR;
				CLANG_WARN_EMPTY_BODY = YES;
				CLANG_WARN_ENUM_CONVERSION = YES;
				CLANG_WARN_INT_CONVERSION = YES;
				CLANG_WARN_OBJC_ROOT_CLASS = YES_ERROR;
				CLANG_WARN_UNREACHABLE_CODE = YES;
				CLANG_WARN__DUPLICATE_METHOD_MATCH = YES;
				"CODE_SIGN_IDENTITY[sdk=iphoneos*]" = "iPhone Developer";
				COPY_PHASE_STRIP = NO;
				DEBUG_INFORMATION_FORMAT = "dwarf-with-dsym";
				ENABLE_STRICT_OBJC_MSGSEND = YES;
				GCC_C_LANGUAGE_STANDARD = gnu99;
				GCC_DYNAMIC_NO_PIC = NO;
				GCC_NO_COMMON_BLOCKS = YES;
				GCC_OPTIMIZATION_LEVEL = 0;
				GCC_PREPROCESSOR_DEFINITIONS = (
					"DEBUG=1",
					"$(inherited)",
				);
				GCC_SYMBOLS_PRIVATE_EXTERN = NO;
				GCC_WARN_64_TO_32_BIT_CONVERSION = YES;
				GCC_WARN_ABOUT_RETURN_TYPE = YES_ERROR;
				GCC_WARN_UNDECLARED_SELECTOR = YES;
				GCC_WARN_UNINITIALIZED_AUTOS = YES_AGGRESSIVE;
				GCC_WARN_UNUSED_FUNCTION = YES;
				GCC_WARN_UNUSED_VARIABLE = YES;
				IPHONEOS_DEPLOYMENT_TARGET = 8.3;
				MTL_ENABLE_DEBUG_INFO = YES;
				ONLY_ACTIVE_ARCH = YES;
				SDKROOT = iphoneos;
				SWIFT_OPTIMIZATION_LEVEL = "-Onone";
			};
			name = Debug;
		};
		3B3DE2FF1B46706E004BF510 /* Release */ = {
			isa = XCBuildConfiguration;
			buildSettings = {
				ALWAYS_SEARCH_USER_PATHS = NO;
				CLANG_CXX_LANGUAGE_STANDARD = "gnu++0x";
				CLANG_CXX_LIBRARY = "libc++";
				CLANG_ENABLE_MODULES = YES;
				CLANG_ENABLE_OBJC_ARC = YES;
				CLANG_WARN_BOOL_CONVERSION = YES;
				CLANG_WARN_CONSTANT_CONVERSION = YES;
				CLANG_WARN_DIRECT_OBJC_ISA_USAGE = YES_ERROR;
				CLANG_WARN_EMPTY_BODY = YES;
				CLANG_WARN_ENUM_CONVERSION = YES;
				CLANG_WARN_INT_CONVERSION = YES;
				CLANG_WARN_OBJC_ROOT_CLASS = YES_ERROR;
				CLANG_WARN_UNREACHABLE_CODE = YES;
				CLANG_WARN__DUPLICATE_METHOD_MATCH = YES;
				"CODE_SIGN_IDENTITY[sdk=iphoneos*]" = "iPhone Developer";
				COPY_PHASE_STRIP = NO;
				DEBUG_INFORMATION_FORMAT = "dwarf-with-dsym";
				ENABLE_NS_ASSERTIONS = NO;
				ENABLE_STRICT_OBJC_MSGSEND = YES;
				GCC_C_LANGUAGE_STANDARD = gnu99;
				GCC_NO_COMMON_BLOCKS = YES;
				GCC_WARN_64_TO_32_BIT_CONVERSION = YES;
				GCC_WARN_ABOUT_RETURN_TYPE = YES_ERROR;
				GCC_WARN_UNDECLARED_SELECTOR = YES;
				GCC_WARN_UNINITIALIZED_AUTOS = YES_AGGRESSIVE;
				GCC_WARN_UNUSED_FUNCTION = YES;
				GCC_WARN_UNUSED_VARIABLE = YES;
				IPHONEOS_DEPLOYMENT_TARGET = 8.3;
				MTL_ENABLE_DEBUG_INFO = NO;
				SDKROOT = iphoneos;
				VALIDATE_PRODUCT = YES;
			};
			name = Release;
		};
		3B3DE3011B46706E004BF510 /* Debug */ = {
			isa = XCBuildConfiguration;
			buildSettings = {
				ASSETCATALOG_COMPILER_APPICON_NAME = AppIcon;
				INFOPLIST_FILE = "Yahoo News Digest Replicate/Info.plist";
				LD_RUNPATH_SEARCH_PATHS = "$(inherited) @executable_path/Frameworks";
				PRODUCT_NAME = "$(TARGET_NAME)";
			};
			name = Debug;
		};
		3B3DE3021B46706E004BF510 /* Release */ = {
			isa = XCBuildConfiguration;
			buildSettings = {
				ASSETCATALOG_COMPILER_APPICON_NAME = AppIcon;
				INFOPLIST_FILE = "Yahoo News Digest Replicate/Info.plist";
				LD_RUNPATH_SEARCH_PATHS = "$(inherited) @executable_path/Frameworks";
				PRODUCT_NAME = "$(TARGET_NAME)";
			};
			name = Release;
		};
		3B3DE3041B46706E004BF510 /* Debug */ = {
			isa = XCBuildConfiguration;
			buildSettings = {
				BUNDLE_LOADER = "$(TEST_HOST)";
				FRAMEWORK_SEARCH_PATHS = (
					"$(SDKROOT)/Developer/Library/Frameworks",
					"$(inherited)",
				);
				GCC_PREPROCESSOR_DEFINITIONS = (
					"DEBUG=1",
					"$(inherited)",
				);
				INFOPLIST_FILE = "Yahoo News Digest ReplicateTests/Info.plist";
				LD_RUNPATH_SEARCH_PATHS = "$(inherited) @executable_path/Frameworks @loader_path/Frameworks";
				PRODUCT_NAME = "$(TARGET_NAME)";
				TEST_HOST = "$(BUILT_PRODUCTS_DIR)/Yahoo News Digest Replicate.app/Yahoo News Digest Replicate";
			};
			name = Debug;
		};
		3B3DE3051B46706E004BF510 /* Release */ = {
			isa = XCBuildConfiguration;
			buildSettings = {
				BUNDLE_LOADER = "$(TEST_HOST)";
				FRAMEWORK_SEARCH_PATHS = (
					"$(SDKROOT)/Developer/Library/Frameworks",
					"$(inherited)",
				);
				INFOPLIST_FILE = "Yahoo News Digest ReplicateTests/Info.plist";
				LD_RUNPATH_SEARCH_PATHS = "$(inherited) @executable_path/Frameworks @loader_path/Frameworks";
				PRODUCT_NAME = "$(TARGET_NAME)";
				TEST_HOST = "$(BUILT_PRODUCTS_DIR)/Yahoo News Digest Replicate.app/Yahoo News Digest Replicate";
			};
			name = Release;
		};
/* End XCBuildConfiguration section */

/* Begin XCConfigurationList section */
		3B3DE2D91B46706E004BF510 /* Build configuration list for PBXProject "Yahoo News Digest Replicate" */ = {
			isa = XCConfigurationList;
			buildConfigurations = (
				3B3DE2FE1B46706E004BF510 /* Debug */,
				3B3DE2FF1B46706E004BF510 /* Release */,
			);
			defaultConfigurationIsVisible = 0;
			defaultConfigurationName = Release;
		};
		3B3DE3001B46706E004BF510 /* Build configuration list for PBXNativeTarget "Yahoo News Digest Replicate" */ = {
			isa = XCConfigurationList;
			buildConfigurations = (
				3B3DE3011B46706E004BF510 /* Debug */,
				3B3DE3021B46706E004BF510 /* Release */,
			);
			defaultConfigurationIsVisible = 0;
		};
		3B3DE3031B46706E004BF510 /* Build configuration list for PBXNativeTarget "Yahoo News Digest ReplicateTests" */ = {
			isa = XCConfigurationList;
			buildConfigurations = (
				3B3DE3041B46706E004BF510 /* Debug */,
				3B3DE3051B46706E004BF510 /* Release */,
			);
			defaultConfigurationIsVisible = 0;
		};
/* End XCConfigurationList section */

/* Begin XCVersionGroup section */
		3B3DE2E51B46706E004BF510 /* Yahoo_News_Digest_Replicate.xcdatamodeld */ = {
			isa = XCVersionGroup;
			children = (
				3B3DE2E61B46706E004BF510 /* Yahoo_News_Digest_Replicate.xcdatamodel */,
			);
			currentVersion = 3B3DE2E61B46706E004BF510 /* Yahoo_News_Digest_Replicate.xcdatamodel */;
			path = Yahoo_News_Digest_Replicate.xcdatamodeld;
			sourceTree = "<group>";
			versionGroupType = wrapper.xcdatamodel;
		};
/* End XCVersionGroup section */
	};
	rootObject = 3B3DE2D61B46706E004BF510 /* Project object */;
}
